
Microsoft Visual Studio Solution File, Format Version 12.00
# Visual Studio Version 16
VisualStudioVersion = 16.0.29409.12
MinimumVisualStudioVersion = 10.0.40219.1
Project("{FAE04EC0-301F-11D3-BF4B-00C04F79EFBC}") = "blueTest", "blueTest\blueTest\blueTest.csproj", "{F628D6EF-6BCC-4968-9D10-12E230502969}"
EndProject
Global
	GlobalSection(SolutionConfigurationPlatforms) = preSolution
		Debug|Any CPU = Debug|Any CPU
		Release|Any CPU = Release|Any CPU
	EndGlobalSection
	GlobalSection(ProjectConfigurationPlatforms) = postSolution
		{F628D6EF-6BCC-4968-9D10-12E230502969}.Debug|Any CPU.ActiveCfg = Debug|Any CPU
		{F628D6EF-6BCC-4968-9D10-12E230502969}.Debug|Any CPU.Build.0 = Debug|Any CPU
		{F628D6EF-6BCC-4968-9D10-12E230502969}.Debug|Any CPU.Deploy.0 = Debug|Any CPU
		{F628D6EF-6BCC-4968-9D10-12E230502969}.Release|Any CPU.ActiveCfg = Release|Any CPU
		{F628D6EF-6BCC-4968-9D10-12E230502969}.Release|Any CPU.Build.0 = Release|Any CPU
		{F628D6EF-6BCC-4968-9D10-12E230502969}.Release|Any CPU.Deploy.0 = Release|Any CPU
	EndGlobalSection
	GlobalSection(SolutionProperties) = preSolution
		HideSolutionNode = FALSE
	EndGlobalSection
	GlobalSection(ExtensibilityGlobals) = postSolution
		SolutionGuid = {E0ED218A-255D-44A3-85D2-CEB0CF4FF83F}
	EndGlobalSection
EndGlobal
